// !$*UTF8*$!
{
	archiveVersion = 1;
	classes = {
	};
	objectVersion = 50;
	objects = {

/* Begin PBXBuildFile section */
		8E3ED85925B1A7760075986D /* MissedCallsTableViewCell.swift in Sources */ = {isa = PBXBuildFile; fileRef = 8E3ED85825B1A7760075986D /* MissedCallsTableViewCell.swift */; };
		8E3ED85D25B1B45E0075986D /* InfoAboutCallViewController.swift in Sources */ = {isa = PBXBuildFile; fileRef = 8E3ED85C25B1B45E0075986D /* InfoAboutCallViewController.swift */; };
		8E3ED86125B1B4750075986D /* InfoAboutCallViewModel.swift in Sources */ = {isa = PBXBuildFile; fileRef = 8E3ED86025B1B4750075986D /* InfoAboutCallViewModel.swift */; };
		8E3ED86525B1B8DE0075986D /* MissedCallsModelView.swift in Sources */ = {isa = PBXBuildFile; fileRef = 8E3ED86425B1B8DE0075986D /* MissedCallsModelView.swift */; };
		8E7C18E525B1A4FF002838C2 /* MissedCallsViewModel.swift in Sources */ = {isa = PBXBuildFile; fileRef = 8E7C18E425B1A4FF002838C2 /* MissedCallsViewModel.swift */; };
		8E9A708F25B18E1D007EA841 /* AppDelegate.swift in Sources */ = {isa = PBXBuildFile; fileRef = 8E9A708E25B18E1D007EA841 /* AppDelegate.swift */; };
		8E9A709125B18E1D007EA841 /* SceneDelegate.swift in Sources */ = {isa = PBXBuildFile; fileRef = 8E9A709025B18E1D007EA841 /* SceneDelegate.swift */; };
		8E9A709325B18E1D007EA841 /* MissedCallsViewController.swift in Sources */ = {isa = PBXBuildFile; fileRef = 8E9A709225B18E1D007EA841 /* MissedCallsViewController.swift */; };
		8E9A709625B18E1D007EA841 /* Main.storyboard in Resources */ = {isa = PBXBuildFile; fileRef = 8E9A709425B18E1D007EA841 /* Main.storyboard */; };
		8E9A709825B18E20007EA841 /* Assets.xcassets in Resources */ = {isa = PBXBuildFile; fileRef = 8E9A709725B18E20007EA841 /* Assets.xcassets */; };
		8E9A709B25B18E20007EA841 /* LaunchScreen.storyboard in Resources */ = {isa = PBXBuildFile; fileRef = 8E9A709925B18E20007EA841 /* LaunchScreen.storyboard */; };
/* End PBXBuildFile section */

/* Begin PBXFileReference section */
		8E3ED85825B1A7760075986D /* MissedCallsTableViewCell.swift */ = {isa = PBXFileReference; lastKnownFileType = sourcecode.swift; path = MissedCallsTableViewCell.swift; sourceTree = "<group>"; };
		8E3ED85C25B1B45E0075986D /* InfoAboutCallViewController.swift */ = {isa = PBXFileReference; lastKnownFileType = sourcecode.swift; path = InfoAboutCallViewController.swift; sourceTree = "<group>"; };
		8E3ED86025B1B4750075986D /* InfoAboutCallViewModel.swift */ = {isa = PBXFileReference; lastKnownFileType = sourcecode.swift; path = InfoAboutCallViewModel.swift; sourceTree = "<group>"; };
		8E3ED86425B1B8DE0075986D /* MissedCallsModelView.swift */ = {isa = PBXFileReference; lastKnownFileType = sourcecode.swift; path = MissedCallsModelView.swift; sourceTree = "<group>"; };
		8E7C18E425B1A4FF002838C2 /* MissedCallsViewModel.swift */ = {isa = PBXFileReference; lastKnownFileType = sourcecode.swift; path = MissedCallsViewModel.swift; sourceTree = "<group>"; };
		8E9A708B25B18E1D007EA841 /* TestTask.app */ = {isa = PBXFileReference; explicitFileType = wrapper.application; includeInIndex = 0; path = TestTask.app; sourceTree = BUILT_PRODUCTS_DIR; };
		8E9A708E25B18E1D007EA841 /* AppDelegate.swift */ = {isa = PBXFileReference; lastKnownFileType = sourcecode.swift; path = AppDelegate.swift; sourceTree = "<group>"; };
		8E9A709025B18E1D007EA841 /* SceneDelegate.swift */ = {isa = PBXFileReference; lastKnownFileType = sourcecode.swift; path = SceneDelegate.swift; sourceTree = "<group>"; };
		8E9A709225B18E1D007EA841 /* MissedCallsViewController.swift */ = {isa = PBXFileReference; lastKnownFileType = sourcecode.swift; path = MissedCallsViewController.swift; sourceTree = "<group>"; };
		8E9A709525B18E1D007EA841 /* Base */ = {isa = PBXFileReference; lastKnownFileType = file.storyboard; name = Base; path = Base.lproj/Main.storyboard; sourceTree = "<group>"; };
		8E9A709725B18E20007EA841 /* Assets.xcassets */ = {isa = PBXFileReference; lastKnownFileType = folder.assetcatalog; path = Assets.xcassets; sourceTree = "<group>"; };
		8E9A709A25B18E20007EA841 /* Base */ = {isa = PBXFileReference; lastKnownFileType = file.storyboard; name = Base; path = Base.lproj/LaunchScreen.storyboard; sourceTree = "<group>"; };
		8E9A709C25B18E20007EA841 /* Info.plist */ = {isa = PBXFileReference; lastKnownFileType = text.plist.xml; path = Info.plist; sourceTree = "<group>"; };
/* End PBXFileReference section */

/* Begin PBXFrameworksBuildPhase section */
		8E9A708825B18E1D007EA841 /* Frameworks */ = {
			isa = PBXFrameworksBuildPhase;
			buildActionMask = 2147483647;
			files = (
			);
			runOnlyForDeploymentPostprocessing = 0;
		};
/* End PBXFrameworksBuildPhase section */

/* Begin PBXGroup section */
		8E3ED85B25B1B4030075986D /* InfoAboutCall */ = {
			isa = PBXGroup;
			children = (
				8E3ED85C25B1B45E0075986D /* InfoAboutCallViewController.swift */,
				8E3ED86025B1B4750075986D /* InfoAboutCallViewModel.swift */,
			);
			path = InfoAboutCall;
			sourceTree = "<group>";
		};
		8E3ED86325B1B88A0075986D /* Views */ = {
			isa = PBXGroup;
			children = (
				8E3ED86425B1B8DE0075986D /* MissedCallsModelView.swift */,
			);
			path = Views;
			sourceTree = "<group>";
		};
		8E7C18E725B1A57F002838C2 /* Controllers */ = {
			isa = PBXGroup;
			children = (
				8E7C18E825B1A591002838C2 /* MissedCallsController */,
				8E3ED85B25B1B4030075986D /* InfoAboutCall */,
			);
			path = Controllers;
			sourceTree = "<group>";
		};
		8E7C18E825B1A591002838C2 /* MissedCallsController */ = {
			isa = PBXGroup;
			children = (
				8E9A709225B18E1D007EA841 /* MissedCallsViewController.swift */,
				8E7C18E425B1A4FF002838C2 /* MissedCallsViewModel.swift */,
				8E3ED85825B1A7760075986D /* MissedCallsTableViewCell.swift */,
			);
			path = MissedCallsController;
			sourceTree = "<group>";
		};
		8E7C18E925B1A5AF002838C2 /* Servises */ = {
			isa = PBXGroup;
			children = (
			);
			path = Servises;
			sourceTree = "<group>";
		};
		8E9A708225B18E1D007EA841 = {
			isa = PBXGroup;
			children = (
				8E9A708D25B18E1D007EA841 /* TestTask */,
				8E9A708C25B18E1D007EA841 /* Products */,
			);
			sourceTree = "<group>";
		};
		8E9A708C25B18E1D007EA841 /* Products */ = {
			isa = PBXGroup;
			children = (
				8E9A708B25B18E1D007EA841 /* TestTask.app */,
			);
			name = Products;
			sourceTree = "<group>";
		};
		8E9A708D25B18E1D007EA841 /* TestTask */ = {
			isa = PBXGroup;
			children = (
				8E3ED86325B1B88A0075986D /* Views */,
				8E7C18E925B1A5AF002838C2 /* Servises */,
				8E7C18E725B1A57F002838C2 /* Controllers */,
				8E9A708E25B18E1D007EA841 /* AppDelegate.swift */,
				8E9A709025B18E1D007EA841 /* SceneDelegate.swift */,
				8E9A709425B18E1D007EA841 /* Main.storyboard */,
				8E9A709725B18E20007EA841 /* Assets.xcassets */,
				8E9A709925B18E20007EA841 /* LaunchScreen.storyboard */,
				8E9A709C25B18E20007EA841 /* Info.plist */,
			);
			path = TestTask;
			sourceTree = "<group>";
		};
/* End PBXGroup section */

/* Begin PBXNativeTarget section */
		8E9A708A25B18E1D007EA841 /* TestTask */ = {
			isa = PBXNativeTarget;
			buildConfigurationList = 8E9A709F25B18E20007EA841 /* Build configuration list for PBXNativeTarget "TestTask" */;
			buildPhases = (
				8E9A708725B18E1D007EA841 /* Sources */,
				8E9A708825B18E1D007EA841 /* Frameworks */,
				8E9A708925B18E1D007EA841 /* Resources */,
			);
			buildRules = (
			);
			dependencies = (
			);
			name = TestTask;
			productName = TestTask;
			productReference = 8E9A708B25B18E1D007EA841 /* TestTask.app */;
			productType = "com.apple.product-type.application";
		};
/* End PBXNativeTarget section */

/* Begin PBXProject section */
		8E9A708325B18E1D007EA841 /* Project object */ = {
			isa = PBXProject;
			attributes = {
				LastSwiftUpdateCheck = 1230;
				LastUpgradeCheck = 1230;
				TargetAttributes = {
					8E9A708A25B18E1D007EA841 = {
						CreatedOnToolsVersion = 12.3;
					};
				};
			};
			buildConfigurationList = 8E9A708625B18E1D007EA841 /* Build configuration list for PBXProject "TestTask" */;
			compatibilityVersion = "Xcode 9.3";
			developmentRegion = en;
			hasScannedForEncodings = 0;
			knownRegions = (
				en,
				Base,
			);
			mainGroup = 8E9A708225B18E1D007EA841;
			productRefGroup = 8E9A708C25B18E1D007EA841 /* Products */;
			projectDirPath = "";
			projectRoot = "";
			targets = (
				8E9A708A25B18E1D007EA841 /* TestTask */,
			);
		};
/* End PBXProject section */

/* Begin PBXResourcesBuildPhase section */
		8E9A708925B18E1D007EA841 /* Resources */ = {
			isa = PBXResourcesBuildPhase;
			buildActionMask = 2147483647;
			files = (
				8E9A709B25B18E20007EA841 /* LaunchScreen.storyboard in Resources */,
				8E9A709825B18E20007EA841 /* Assets.xcassets in Resources */,
				8E9A709625B18E1D007EA841 /* Main.storyboard in Resources */,
			);
			runOnlyForDeploymentPostprocessing = 0;
		};
/* End PBXResourcesBuildPhase section */

/* Begin PBXSourcesBuildPhase section */
		8E9A708725B18E1D007EA841 /* Sources */ = {
			isa = PBXSourcesBuildPhase;
			buildActionMask = 2147483647;
			files = (
				8E3ED85D25B1B45E0075986D /* InfoAboutCallViewController.swift in Sources */,
				8E3ED85925B1A7760075986D /* MissedCallsTableViewCell.swift in Sources */,
				8E9A709325B18E1D007EA841 /* MissedCallsViewController.swift in Sources */,
				8E3ED86125B1B4750075986D /* InfoAboutCallViewModel.swift in Sources */,
				8E7C18E525B1A4FF002838C2 /* MissedCallsViewModel.swift in Sources */,
				8E3ED86525B1B8DE0075986D /* MissedCallsModelView.swift in Sources */,
				8E9A708F25B18E1D007EA841 /* AppDelegate.swift in Sources */,
				8E9A709125B18E1D007EA841 /* SceneDelegate.swift in Sources */,
			);
			runOnlyForDeploymentPostprocessing = 0;
		};
/* End PBXSourcesBuildPhase section */

/* Begin PBXVariantGroup section */
		8E9A709425B18E1D007EA841 /* Main.storyboard */ = {
			isa = PBXVariantGroup;
			children = (
				8E9A709525B18E1D007EA841 /* Base */,
			);
			name = Main.storyboard;
			sourceTree = "<group>";
		};
		8E9A709925B18E20007EA841 /* LaunchScreen.storyboard */ = {
			isa = PBXVariantGroup;
			children = (
				8E9A709A25B18E20007EA841 /* Base */,
			);
			name = LaunchScreen.storyboard;
			sourceTree = "<group>";
		};
/* End PBXVariantGroup section */

/* Begin XCBuildConfiguration section */
		8E9A709D25B18E20007EA841 /* Debug */ = {
			isa = XCBuildConfiguration;
			buildSettings = {
				ALWAYS_SEARCH_USER_PATHS = NO;
				CLANG_ANALYZER_NONNULL = YES;
				CLANG_ANALYZER_NUMBER_OBJECT_CONVERSION = YES_AGGRESSIVE;
				CLANG_CXX_LANGUAGE_STANDARD = "gnu++14";
				CLANG_CXX_LIBRARY = "libc++";
				CLANG_ENABLE_MODULES = YES;
				CLANG_ENABLE_OBJC_ARC = YES;
				CLANG_ENABLE_OBJC_WEAK = YES;
				CLANG_WARN_BLOCK_CAPTURE_AUTORELEASING = YES;
				CLANG_WARN_BOOL_CONVERSION = YES;
				CLANG_WARN_COMMA = YES;
				CLANG_WARN_CONSTANT_CONVERSION = YES;
				CLANG_WARN_DEPRECATED_OBJC_IMPLEMENTATIONS = YES;
				CLANG_WARN_DIRECT_OBJC_ISA_USAGE = YES_ERROR;
				CLANG_WARN_DOCUMENTATION_COMMENTS = YES;
				CLANG_WARN_EMPTY_BODY = YES;
				CLANG_WARN_ENUM_CONVERSION = YES;
				CLANG_WARN_INFINITE_RECURSION = YES;
				CLANG_WARN_INT_CONVERSION = YES;
				CLANG_WARN_NON_LITERAL_NULL_CONVERSION = YES;
				CLANG_WARN_OBJC_IMPLICIT_RETAIN_SELF = YES;
				CLANG_WARN_OBJC_LITERAL_CONVERSION = YES;
				CLANG_WARN_OBJC_ROOT_CLASS = YES_ERROR;
				CLANG_WARN_QUOTED_INCLUDE_IN_FRAMEWORK_HEADER = YES;
				CLANG_WARN_RANGE_LOOP_ANALYSIS = YES;
				CLANG_WARN_STRICT_PROTOTYPES = YES;
				CLANG_WARN_SUSPICIOUS_MOVE = YES;
				CLANG_WARN_UNGUARDED_AVAILABILITY = YES_AGGRESSIVE;
				CLANG_WARN_UNREACHABLE_CODE = YES;
				CLANG_WARN__DUPLICATE_METHOD_MATCH = YES;
				COPY_PHASE_STRIP = NO;
				DEBUG_INFORMATION_FORMAT = dwarf;
				ENABLE_STRICT_OBJC_MSGSEND = YES;
				ENABLE_TESTABILITY = YES;
				GCC_C_LANGUAGE_STANDARD = gnu11;
				GCC_DYNAMIC_NO_PIC = NO;
				GCC_NO_COMMON_BLOCKS = YES;
				GCC_OPTIMIZATION_LEVEL = 0;
				GCC_PREPROCESSOR_DEFINITIONS = (
					"DEBUG=1",
					"$(inherited)",
				);
				GCC_WARN_64_TO_32_BIT_CONVERSION = YES;
				GCC_WARN_ABOUT_RETURN_TYPE = YES_ERROR;
				GCC_WARN_UNDECLARED_SELECTOR = YES;
				GCC_WARN_UNINITIALIZED_AUTOS = YES_AGGRESSIVE;
				GCC_WARN_UNUSED_FUNCTION = YES;
				GCC_WARN_UNUSED_VARIABLE = YES;
				IPHONEOS_DEPLOYMENT_TARGET = 14.3;
				MTL_ENABLE_DEBUG_INFO = INCLUDE_SOURCE;
				MTL_FAST_MATH = YES;
				ONLY_ACTIVE_ARCH = YES;
				SDKROOT = iphoneos;
				SWIFT_ACTIVE_COMPILATION_CONDITIONS = DEBUG;
				SWIFT_OPTIMIZATION_LEVEL = "-Onone";
			};
			name = Debug;
		};
		8E9A709E25B18E20007EA841 /* Release */ = {
			isa = XCBuildConfiguration;
			buildSettings = {
				ALWAYS_SEARCH_USER_PATHS = NO;
				CLANG_ANALYZER_NONNULL = YES;
				CLANG_ANALYZER_NUMBER_OBJECT_CONVERSION = YES_AGGRESSIVE;
				CLANG_CXX_LANGUAGE_STANDARD = "gnu++14";
				CLANG_CXX_LIBRARY = "libc++";
				CLANG_ENABLE_MODULES = YES;
				CLANG_ENABLE_OBJC_ARC = YES;
				CLANG_ENABLE_OBJC_WEAK = YES;
				CLANG_WARN_BLOCK_CAPTURE_AUTORELEASING = YES;
				CLANG_WARN_BOOL_CONVERSION = YES;
				CLANG_WARN_COMMA = YES;
				CLANG_WARN_CONSTANT_CONVERSION = YES;
				CLANG_WARN_DEPRECATED_OBJC_IMPLEMENTATIONS = YES;
				CLANG_WARN_DIRECT_OBJC_ISA_USAGE = YES_ERROR;
				CLANG_WARN_DOCUMENTATION_COMMENTS = YES;
				CLANG_WARN_EMPTY_BODY = YES;
				CLANG_WARN_ENUM_CONVERSION = YES;
				CLANG_WARN_INFINITE_RECURSION = YES;
				CLANG_WARN_INT_CONVERSION = YES;
				CLANG_WARN_NON_LITERAL_NULL_CONVERSION = YES;
				CLANG_WARN_OBJC_IMPLICIT_RETAIN_SELF = YES;
				CLANG_WARN_OBJC_LITERAL_CONVERSION = YES;
				CLANG_WARN_OBJC_ROOT_CLASS = YES_ERROR;
				CLANG_WARN_QUOTED_INCLUDE_IN_FRAMEWORK_HEADER = YES;
				CLANG_WARN_RANGE_LOOP_ANALYSIS = YES;
				CLANG_WARN_STRICT_PROTOTYPES = YES;
				CLANG_WARN_SUSPICIOUS_MOVE = YES;
				CLANG_WARN_UNGUARDED_AVAILABILITY = YES_AGGRESSIVE;
				CLANG_WARN_UNREACHABLE_CODE = YES;
				CLANG_WARN__DUPLICATE_METHOD_MATCH = YES;
				COPY_PHASE_STRIP = NO;
				DEBUG_INFORMATION_FORMAT = "dwarf-with-dsym";
				ENABLE_NS_ASSERTIONS = NO;
				ENABLE_STRICT_OBJC_MSGSEND = YES;
				GCC_C_LANGUAGE_STANDARD = gnu11;
				GCC_NO_COMMON_BLOCKS = YES;
				GCC_WARN_64_TO_32_BIT_CONVERSION = YES;
				GCC_WARN_ABOUT_RETURN_TYPE = YES_ERROR;
				GCC_WARN_UNDECLARED_SELECTOR = YES;
				GCC_WARN_UNINITIALIZED_AUTOS = YES_AGGRESSIVE;
				GCC_WARN_UNUSED_FUNCTION = YES;
				GCC_WARN_UNUSED_VARIABLE = YES;
				IPHONEOS_DEPLOYMENT_TARGET = 14.3;
				MTL_ENABLE_DEBUG_INFO = NO;
				MTL_FAST_MATH = YES;
				SDKROOT = iphoneos;
				SWIFT_COMPILATION_MODE = wholemodule;
				SWIFT_OPTIMIZATION_LEVEL = "-O";
				VALIDATE_PRODUCT = YES;
			};
			name = Release;
		};
		8E9A70A025B18E20007EA841 /* Debug */ = {
			isa = XCBuildConfiguration;
			buildSettings = {
				ASSETCATALOG_COMPILER_APPICON_NAME = AppIcon;
				ASSETCATALOG_COMPILER_GLOBAL_ACCENT_COLOR_NAME = AccentColor;
				CODE_SIGN_STYLE = Automatic;
				DEVELOPMENT_TEAM = GAPK9VY2U9;
				INFOPLIST_FILE = TestTask/Info.plist;
				LD_RUNPATH_SEARCH_PATHS = (
					"$(inherited)",
					"@executable_path/Frameworks",
				);
				PRODUCT_BUNDLE_IDENTIFIER = ru.kaopu.TestTask;
				PRODUCT_NAME = "$(TARGET_NAME)";
				SWIFT_VERSION = 5.0;
				TARGETED_DEVICE_FAMILY = "1,2";
			};
			name = Debug;
		};
		8E9A70A125B18E20007EA841 /* Release */ = {
			isa = XCBuildConfiguration;
			buildSettings = {
				ASSETCATALOG_COMPILER_APPICON_NAME = AppIcon;
				ASSETCATALOG_COMPILER_GLOBAL_ACCENT_COLOR_NAME = AccentColor;
				CODE_SIGN_STYLE = Automatic;
				DEVELOPMENT_TEAM = GAPK9VY2U9;
				INFOPLIST_FILE = TestTask/Info.plist;
				LD_RUNPATH_SEARCH_PATHS = (
					"$(inherited)",
					"@executable_path/Frameworks",
				);
				PRODUCT_BUNDLE_IDENTIFIER = ru.kaopu.TestTask;
				PRODUCT_NAME = "$(TARGET_NAME)";
				SWIFT_VERSION = 5.0;
				TARGETED_DEVICE_FAMILY = "1,2";
			};
			name = Release;
		};
/* End XCBuildConfiguration section */

/* Begin XCConfigurationList section */
		8E9A708625B18E1D007EA841 /* Build configuration list for PBXProject "TestTask" */ = {
			isa = XCConfigurationList;
			buildConfigurations = (
				8E9A709D25B18E20007EA841 /* Debug */,
				8E9A709E25B18E20007EA841 /* Release */,
			);
			defaultConfigurationIsVisible = 0;
			defaultConfigurationName = Release;
		};
		8E9A709F25B18E20007EA841 /* Build configuration list for PBXNativeTarget "TestTask" */ = {
			isa = XCConfigurationList;
			buildConfigurations = (
				8E9A70A025B18E20007EA841 /* Debug */,
				8E9A70A125B18E20007EA841 /* Release */,
			);
			defaultConfigurationIsVisible = 0;
			defaultConfigurationName = Release;
		};
/* End XCConfigurationList section */
	};
	rootObject = 8E9A708325B18E1D007EA841 /* Project object */;
}
